
Microsoft Visual Studio Solution File, Format Version 12.00
# Visual Studio Version 16
VisualStudioVersion = 16.0.30804.86
MinimumVisualStudioVersion = 10.0.40219.1
Project("{FAE04EC0-301F-11D3-BF4B-00C04F79EFBC}") = "Trifort", "Trifort\Trifort.csproj", "{00BFCA67-C325-4954-9D1F-1B1BD8CEA7CC}"
EndProject
Project("{FAE04EC0-301F-11D3-BF4B-00C04F79EFBC}") = "Tests", "Tests\Tests.csproj", "{584F196B-13FB-4A51-A0F6-0C2E09F3EB6B}"
EndProject
Global
	GlobalSection(SolutionConfigurationPlatforms) = preSolution
		Debug|Any CPU = Debug|Any CPU
		Release|Any CPU = Release|Any CPU
	EndGlobalSection
	GlobalSection(ProjectConfigurationPlatforms) = postSolution
		{00BFCA67-C325-4954-9D1F-1B1BD8CEA7CC}.Debug|Any CPU.ActiveCfg = Debug|Any CPU
		{00BFCA67-C325-4954-9D1F-1B1BD8CEA7CC}.Debug|Any CPU.Build.0 = Debug|Any CPU
		{00BFCA67-C325-4954-9D1F-1B1BD8CEA7CC}.Release|Any CPU.ActiveCfg = Release|Any CPU
		{00BFCA67-C325-4954-9D1F-1B1BD8CEA7CC}.Release|Any CPU.Build.0 = Release|Any CPU
		{584F196B-13FB-4A51-A0F6-0C2E09F3EB6B}.Debug|Any CPU.ActiveCfg = Debug|Any CPU
		{584F196B-13FB-4A51-A0F6-0C2E09F3EB6B}.Debug|Any CPU.Build.0 = Debug|Any CPU
		{584F196B-13FB-4A51-A0F6-0C2E09F3EB6B}.Release|Any CPU.ActiveCfg = Release|Any CPU
		{584F196B-13FB-4A51-A0F6-0C2E09F3EB6B}.Release|Any CPU.Build.0 = Release|Any CPU
	EndGlobalSection
	GlobalSection(SolutionProperties) = preSolution
		HideSolutionNode = FALSE
	EndGlobalSection
	GlobalSection(ExtensibilityGlobals) = postSolution
		SolutionGuid = {4974E47F-4B6F-4A12-9027-B8BF5CD4B1E9}
	EndGlobalSection
EndGlobal
